lockfileVersion: '9.0'

settings:
  autoInstallPeers: true
  excludeLinksFromLockfile: false

importers:

  .:
    dependencies:
      '@ai-sdk/anthropic':
        specifier: ^2.0.37
        version: 2.0.37(zod@4.1.12)
      '@ai-sdk/google':
        specifier: ^2.0.23
        version: 2.0.23(zod@4.1.12)
      '@ai-sdk/openai':
        specifier: ^2.0.53
        version: 2.0.53(zod@4.1.12)
      ai:
        specifier: ^5.0.78
        version: 5.0.78(zod@4.1.12)
      dotenv:
        specifier: ^17.2.3
        version: 17.2.3
    devDependencies:
      '@types/node':
        specifier: ^24.9.1
        version: 24.9.1
      typescript:
        specifier: ^5.9.3
        version: 5.9.3

packages:

  '@ai-sdk/anthropic@2.0.37':
    resolution: {integrity: sha512-r2e9BWoobisH9B5b7x3yYG/k9WlsZqa4D94o7gkwktReqrjjv83zNMop4KmlJsh/zBhbsaP8S8SUfiwK+ESxgg==}
    engines: {node: '>=18'}
    peerDependencies:
      zod: ^3.25.76 || ^4.1.8

  '@ai-sdk/gateway@2.0.1':
    resolution: {integrity: sha512-vPVIbnP35ZnayS937XLo85vynR85fpBQWHCdUweq7apzqFOTU2YkUd4V3msebEHbQ2Zro60ZShDDy9SMiyWTqA==}
    engines: {node: '>=18'}
    peerDependencies:
      zod: ^3.25.76 || ^4.1.8

  '@ai-sdk/google@2.0.23':
    resolution: {integrity: sha512-VbCnKR+6aWUVLkAiSW5gUEtST7KueEmlt+d6qwDikxlLnFG9pzy59je8MiDVeM5G2tuSXbvZQF78PGIfXDBmow==}
    engines: {node: '>=18'}
    peerDependencies:
      zod: ^3.25.76 || ^4.1.8

  '@ai-sdk/openai@2.0.53':
    resolution: {integrity: sha512-GIkR3+Fyif516ftXv+YPSPstnAHhcZxNoR2s8uSHhQ1yBT7I7aQYTVwpjAuYoT3GR+TeP50q7onj2/nDRbT2FQ==}
    engines: {node: '>=18'}
    peerDependencies:
      zod: ^3.25.76 || ^4.1.8

  '@ai-sdk/provider-utils@3.0.12':
    resolution: {integrity: sha512-ZtbdvYxdMoria+2SlNarEk6Hlgyf+zzcznlD55EAl+7VZvJaSg2sqPvwArY7L6TfDEDJsnCq0fdhBSkYo0Xqdg==}
    engines: {node: '>=18'}
    peerDependencies:
      zod: ^3.25.76 || ^4.1.8

  '@ai-sdk/provider@2.0.0':
    resolution: {integrity: sha512-6o7Y2SeO9vFKB8lArHXehNuusnpddKPk7xqL7T2/b+OvXMRIXUO1rR4wcv1hAFUAT9avGZshty3Wlua/XA7TvA==}
    engines: {node: '>=18'}

  '@opentelemetry/api@1.9.0':
    resolution: {integrity: sha512-3giAOQvZiH5F9bMlMiv8+GSPMeqg0dbaeo58/0SlA9sxSqZhnUtxzX9/2FzyhS9sWQf5S0GJE0AKBrFqjpeYcg==}
    engines: {node: '>=8.0.0'}

  '@standard-schema/spec@1.0.0':
    resolution: {integrity: sha512-m2bOd0f2RT9k8QJx1JN85cZYyH1RqFBdlwtkSlf4tBDYLCiiZnv1fIIwacK6cqwXavOydf0NPToMQgpKq+dVlA==}

  '@types/node@24.9.1':
    resolution: {integrity: sha512-QoiaXANRkSXK6p0Duvt56W208du4P9Uye9hWLWgGMDTEoKPhuenzNcC4vGUmrNkiOKTlIrBoyNQYNpSwfEZXSg==}

  '@vercel/oidc@3.0.3':
    resolution: {integrity: sha512-yNEQvPcVrK9sIe637+I0jD6leluPxzwJKx/Haw6F4H77CdDsszUn5V3o96LPziXkSNE2B83+Z3mjqGKBK/R6Gg==}
    engines: {node: '>= 20'}

  ai@5.0.78:
    resolution: {integrity: sha512-ec77fmQwJGLduswMrW4AAUGSOiu8dZaIwMmWHHGKsrMUFFS6ugfkTyx0srtuKYHNRRLRC2dT7cPirnUl98VnxA==}
    engines: {node: '>=18'}
    peerDependencies:
      zod: ^3.25.76 || ^4.1.8

  dotenv@17.2.3:
    resolution: {integrity: sha512-JVUnt+DUIzu87TABbhPmNfVdBDt18BLOWjMUFJMSi/Qqg7NTYtabbvSNJGOJ7afbRuv9D/lngizHtP7QyLQ+9w==}
    engines: {node: '>=12'}

  eventsource-parser@3.0.6:
    resolution: {integrity: sha512-Vo1ab+QXPzZ4tCa8SwIHJFaSzy4R6SHf7BY79rFBDf0idraZWAkYrDjDj8uWaSm3S2TK+hJ7/t1CEmZ7jXw+pg==}
    engines: {node: '>=18.0.0'}

  json-schema@0.4.0:
    resolution: {integrity: sha512-es94M3nTIfsEPisRafak+HDLfHXnKBhV3vU5eqPcS3flIWqcxJWgXHXiey3YrpaNsanY5ei1VoYEbOzijuq9BA==}

  typescript@5.9.3:
    resolution: {integrity: sha512-jl1vZzPDinLr9eUt3J/t7V6FgNEw9QjvBPdysz9KfQDD41fQrC2Y4vKQdiaUpFT4bXlb1RHhLpp8wtm6M5TgSw==}
    engines: {node: '>=14.17'}
    hasBin: true

  undici-types@7.16.0:
    resolution: {integrity: sha512-Zz+aZWSj8LE6zoxD+xrjh4VfkIG8Ya6LvYkZqtUQGJPZjYl53ypCaUwWqo7eI0x66KBGeRo+mlBEkMSeSZ38Nw==}

  zod@4.1.12:
    resolution: {integrity: sha512-JInaHOamG8pt5+Ey8kGmdcAcg3OL9reK8ltczgHTAwNhMys/6ThXHityHxVV2p3fkw/c+MAvBHFVYHFZDmjMCQ==}

snapshots:

  '@ai-sdk/anthropic@2.0.37(zod@4.1.12)':
    dependencies:
      '@ai-sdk/provider': 2.0.0
      '@ai-sdk/provider-utils': 3.0.12(zod@4.1.12)
      zod: 4.1.12

  '@ai-sdk/gateway@2.0.1(zod@4.1.12)':
    dependencies:
      '@ai-sdk/provider': 2.0.0
      '@ai-sdk/provider-utils': 3.0.12(zod@4.1.12)
      '@vercel/oidc': 3.0.3
      zod: 4.1.12

  '@ai-sdk/google@2.0.23(zod@4.1.12)':
    dependencies:
      '@ai-sdk/provider': 2.0.0
      '@ai-sdk/provider-utils': 3.0.12(zod@4.1.12)
      zod: 4.1.12

  '@ai-sdk/openai@2.0.53(zod@4.1.12)':
    dependencies:
      '@ai-sdk/provider': 2.0.0
      '@ai-sdk/provider-utils': 3.0.12(zod@4.1.12)
      zod: 4.1.12

  '@ai-sdk/provider-utils@3.0.12(zod@4.1.12)':
    dependencies:
      '@ai-sdk/provider': 2.0.0
      '@standard-schema/spec': 1.0.0
      eventsource-parser: 3.0.6
      zod: 4.1.12

  '@ai-sdk/provider@2.0.0':
    dependencies:
      json-schema: 0.4.0

  '@opentelemetry/api@1.9.0': {}

  '@standard-schema/spec@1.0.0': {}

  '@types/node@24.9.1':
    dependencies:
      undici-types: 7.16.0

  '@vercel/oidc@3.0.3': {}

  ai@5.0.78(zod@4.1.12):
    dependencies:
      '@ai-sdk/gateway': 2.0.1(zod@4.1.12)
      '@ai-sdk/provider': 2.0.0
      '@ai-sdk/provider-utils': 3.0.12(zod@4.1.12)
      '@opentelemetry/api': 1.9.0
      zod: 4.1.12

  dotenv@17.2.3: {}

  eventsource-parser@3.0.6: {}

  json-schema@0.4.0: {}

  typescript@5.9.3: {}

  undici-types@7.16.0: {}

  zod@4.1.12: {}
